
Microsoft Visual Studio Solution File, Format Version 12.00
# Visual Studio 15
VisualStudioVersion = 15.0.28307.757
MinimumVisualStudioVersion = 10.0.40219.1
Project("{FAE04EC0-301F-11D3-BF4B-00C04F79EFBC}") = "WebApplication1", "C:\Users\PRITESH\source\repos\WebApplication1\WebApplication1.csproj", "{DF106F9F-FA50-4D0B-AD0B-633CC29583F7}"
EndProject
Global
	GlobalSection(SolutionConfigurationPlatforms) = preSolution
		Debug|Any CPU = Debug|Any CPU
		Release|Any CPU = Release|Any CPU
	EndGlobalSection
	GlobalSection(ProjectConfigurationPlatforms) = postSolution
		{DF106F9F-FA50-4D0B-AD0B-633CC29583F7}.Debug|Any CPU.ActiveCfg = Debug|Any CPU
		{DF106F9F-FA50-4D0B-AD0B-633CC29583F7}.Debug|Any CPU.Build.0 = Debug|Any CPU
		{DF106F9F-FA50-4D0B-AD0B-633CC29583F7}.Release|Any CPU.ActiveCfg = Release|Any CPU
		{DF106F9F-FA50-4D0B-AD0B-633CC29583F7}.Release|Any CPU.Build.0 = Release|Any CPU
	EndGlobalSection
	GlobalSection(SolutionProperties) = preSolution
		HideSolutionNode = FALSE
	EndGlobalSection
	GlobalSection(ExtensibilityGlobals) = postSolution
		SolutionGuid = {E71E4B18-150D-4AAF-8E11-CE699EA0616E}
	EndGlobalSection
EndGlobal
