
Microsoft Visual Studio Solution File, Format Version 12.00
# Visual Studio 15
VisualStudioVersion = 15.0.28307.757
MinimumVisualStudioVersion = 10.0.40219.1
Project("{FAE04EC0-301F-11D3-BF4B-00C04F79EFBC}") = "exceptionfilter", "exceptionfilter\exceptionfilter.csproj", "{D0AC0C90-136A-4091-A0E5-A6FC80AFD872}"
EndProject
Global
	GlobalSection(SolutionConfigurationPlatforms) = preSolution
		Debug|Any CPU = Debug|Any CPU
		Release|Any CPU = Release|Any CPU
	EndGlobalSection
	GlobalSection(ProjectConfigurationPlatforms) = postSolution
		{D0AC0C90-136A-4091-A0E5-A6FC80AFD872}.Debug|Any CPU.ActiveCfg = Debug|Any CPU
		{D0AC0C90-136A-4091-A0E5-A6FC80AFD872}.Debug|Any CPU.Build.0 = Debug|Any CPU
		{D0AC0C90-136A-4091-A0E5-A6FC80AFD872}.Release|Any CPU.ActiveCfg = Release|Any CPU
		{D0AC0C90-136A-4091-A0E5-A6FC80AFD872}.Release|Any CPU.Build.0 = Release|Any CPU
	EndGlobalSection
	GlobalSection(SolutionProperties) = preSolution
		HideSolutionNode = FALSE
	EndGlobalSection
	GlobalSection(ExtensibilityGlobals) = postSolution
		SolutionGuid = {13606AA2-B51A-404E-B2A8-53918811100D}
	EndGlobalSection
EndGlobal
