
Microsoft Visual Studio Solution File, Format Version 12.00
# Visual Studio 15
VisualStudioVersion = 15.0.28307.757
MinimumVisualStudioVersion = 10.0.40219.1
Project("{FAE04EC0-301F-11D3-BF4B-00C04F79EFBC}") = "logindemo", "logindemo\logindemo.csproj", "{30C3C10C-8066-4F0D-B28B-8F611746CFA4}"
EndProject
Global
	GlobalSection(SolutionConfigurationPlatforms) = preSolution
		Debug|Any CPU = Debug|Any CPU
		Release|Any CPU = Release|Any CPU
	EndGlobalSection
	GlobalSection(ProjectConfigurationPlatforms) = postSolution
		{30C3C10C-8066-4F0D-B28B-8F611746CFA4}.Debug|Any CPU.ActiveCfg = Debug|Any CPU
		{30C3C10C-8066-4F0D-B28B-8F611746CFA4}.Debug|Any CPU.Build.0 = Debug|Any CPU
		{30C3C10C-8066-4F0D-B28B-8F611746CFA4}.Release|Any CPU.ActiveCfg = Release|Any CPU
		{30C3C10C-8066-4F0D-B28B-8F611746CFA4}.Release|Any CPU.Build.0 = Release|Any CPU
	EndGlobalSection
	GlobalSection(SolutionProperties) = preSolution
		HideSolutionNode = FALSE
	EndGlobalSection
	GlobalSection(ExtensibilityGlobals) = postSolution
		SolutionGuid = {58450FF4-D9D5-4C8A-8BE5-440B9712497C}
	EndGlobalSection
EndGlobal
